// !$*UTF8*$!
{
	archiveVersion = 1;
	classes = {
	};
	objectVersion = 46;
	objects = {

/* Begin PBXBuildFile section */
		4F49972F1ED145C200072509 /* main.m in Sources */ = {isa = PBXBuildFile; fileRef = 4F49972E1ED145C200072509 /* main.m */; };
		4F4997321ED145C200072509 /* AppDelegate.m in Sources */ = {isa = PBXBuildFile; fileRef = 4F4997311ED145C200072509 /* AppDelegate.m */; };
		4F4997351ED145C200072509 /* ViewController.m in Sources */ = {isa = PBXBuildFile; fileRef = 4F4997341ED145C200072509 /* ViewController.m */; };
		4F4997381ED145C200072509 /* Main.storyboard in Resources */ = {isa = PBXBuildFile; fileRef = 4F4997361ED145C200072509 /* Main.storyboard */; };
		4F49973B1ED145C200072509 /* MX_test_JasonChen.xcdatamodeld in Sources */ = {isa = PBXBuildFile; fileRef = 4F4997391ED145C200072509 /* MX_test_JasonChen.xcdatamodeld */; };
		4F49973D1ED145C200072509 /* Assets.xcassets in Resources */ = {isa = PBXBuildFile; fileRef = 4F49973C1ED145C200072509 /* Assets.xcassets */; };
		4F4997401ED145C200072509 /* LaunchScreen.storyboard in Resources */ = {isa = PBXBuildFile; fileRef = 4F49973E1ED145C200072509 /* LaunchScreen.storyboard */; };
		4F49974B1ED145C200072509 /* MX_test_JasonChenTests.m in Sources */ = {isa = PBXBuildFile; fileRef = 4F49974A1ED145C200072509 /* MX_test_JasonChenTests.m */; };
		4F4997561ED145C200072509 /* MX_test_JasonChenUITests.m in Sources */ = {isa = PBXBuildFile; fileRef = 4F4997551ED145C200072509 /* MX_test_JasonChenUITests.m */; };
/* End PBXBuildFile section */

/* Begin PBXContainerItemProxy section */
		4F4997471ED145C200072509 /* PBXContainerItemProxy */ = {
			isa = PBXContainerItemProxy;
			containerPortal = 4F4997221ED145C200072509 /* Project object */;
			proxyType = 1;
			remoteGlobalIDString = 4F4997291ED145C200072509;
			remoteInfo = "MX-test-JasonChen";
		};
		4F4997521ED145C200072509 /* PBXContainerItemProxy */ = {
			isa = PBXContainerItemProxy;
			containerPortal = 4F4997221ED145C200072509 /* Project object */;
			proxyType = 1;
			remoteGlobalIDString = 4F4997291ED145C200072509;
			remoteInfo = "MX-test-JasonChen";
		};
/* End PBXContainerItemProxy section */

/* Begin PBXFileReference section */
		4F49972A1ED145C200072509 /* MX-test-JasonChen.app */ = {isa = PBXFileReference; explicitFileType = wrapper.application; includeInIndex = 0; path = "MX-test-JasonChen.app"; sourceTree = BUILT_PRODUCTS_DIR; };
		4F49972E1ED145C200072509 /* main.m */ = {isa = PBXFileReference; lastKnownFileType = sourcecode.c.objc; path = main.m; sourceTree = "<group>"; };
		4F4997301ED145C200072509 /* AppDelegate.h */ = {isa = PBXFileReference; lastKnownFileType = sourcecode.c.h; path = AppDelegate.h; sourceTree = "<group>"; };
		4F4997311ED145C200072509 /* AppDelegate.m */ = {isa = PBXFileReference; lastKnownFileType = sourcecode.c.objc; path = AppDelegate.m; sourceTree = "<group>"; };
		4F4997331ED145C200072509 /* ViewController.h */ = {isa = PBXFileReference; lastKnownFileType = sourcecode.c.h; path = ViewController.h; sourceTree = "<group>"; };
		4F4997341ED145C200072509 /* ViewController.m */ = {isa = PBXFileReference; lastKnownFileType = sourcecode.c.objc; path = ViewController.m; sourceTree = "<group>"; };
		4F4997371ED145C200072509 /* Base */ = {isa = PBXFileReference; lastKnownFileType = file.storyboard; name = Base; path = Base.lproj/Main.storyboard; sourceTree = "<group>"; };
		4F49973A1ED145C200072509 /* MX_test_JasonChen.xcdatamodel */ = {isa = PBXFileReference; lastKnownFileType = wrapper.xcdatamodel; path = MX_test_JasonChen.xcdatamodel; sourceTree = "<group>"; };
		4F49973C1ED145C200072509 /* Assets.xcassets */ = {isa = PBXFileReference; lastKnownFileType = folder.assetcatalog; path = Assets.xcassets; sourceTree = "<group>"; };
		4F49973F1ED145C200072509 /* Base */ = {isa = PBXFileReference; lastKnownFileType = file.storyboard; name = Base; path = Base.lproj/LaunchScreen.storyboard; sourceTree = "<group>"; };
		4F4997411ED145C200072509 /* Info.plist */ = {isa = PBXFileReference; lastKnownFileType = text.plist.xml; path = Info.plist; sourceTree = "<group>"; };
		4F4997461ED145C200072509 /* MX-test-JasonChenTests.xctest */ = {isa = PBXFileReference; explicitFileType = wrapper.cfbundle; includeInIndex = 0; path = "MX-test-JasonChenTests.xctest"; sourceTree = BUILT_PRODUCTS_DIR; };
		4F49974A1ED145C200072509 /* MX_test_JasonChenTests.m */ = {isa = PBXFileReference; lastKnownFileType = sourcecode.c.objc; path = MX_test_JasonChenTests.m; sourceTree = "<group>"; };
		4F49974C1ED145C200072509 /* Info.plist */ = {isa = PBXFileReference; lastKnownFileType = text.plist.xml; path = Info.plist; sourceTree = "<group>"; };
		4F4997511ED145C200072509 /* MX-test-JasonChenUITests.xctest */ = {isa = PBXFileReference; explicitFileType = wrapper.cfbundle; includeInIndex = 0; path = "MX-test-JasonChenUITests.xctest"; sourceTree = BUILT_PRODUCTS_DIR; };
		4F4997551ED145C200072509 /* MX_test_JasonChenUITests.m */ = {isa = PBXFileReference; lastKnownFileType = sourcecode.c.objc; path = MX_test_JasonChenUITests.m; sourceTree = "<group>"; };
		4F4997571ED145C200072509 /* Info.plist */ = {isa = PBXFileReference; lastKnownFileType = text.plist.xml; path = Info.plist; sourceTree = "<group>"; };
/* End PBXFileReference section */

/* Begin PBXFrameworksBuildPhase section */
		4F4997271ED145C200072509 /* Frameworks */ = {
			isa = PBXFrameworksBuildPhase;
			buildActionMask = 2147483647;
			files = (
			);
			runOnlyForDeploymentPostprocessing = 0;
		};
		4F4997431ED145C200072509 /* Frameworks */ = {
			isa = PBXFrameworksBuildPhase;
			buildActionMask = 2147483647;
			files = (
			);
			runOnlyForDeploymentPostprocessing = 0;
		};
		4F49974E1ED145C200072509 /* Frameworks */ = {
			isa = PBXFrameworksBuildPhase;
			buildActionMask = 2147483647;
			files = (
			);
			runOnlyForDeploymentPostprocessing = 0;
		};
/* End PBXFrameworksBuildPhase section */

/* Begin PBXGroup section */
		4F4997211ED145C200072509 = {
			isa = PBXGroup;
			children = (
				4F49972C1ED145C200072509 /* MX-test-JasonChen */,
				4F4997491ED145C200072509 /* MX-test-JasonChenTests */,
				4F4997541ED145C200072509 /* MX-test-JasonChenUITests */,
				4F49972B1ED145C200072509 /* Products */,
			);
			sourceTree = "<group>";
		};
		4F49972B1ED145C200072509 /* Products */ = {
			isa = PBXGroup;
			children = (
				4F49972A1ED145C200072509 /* MX-test-JasonChen.app */,
				4F4997461ED145C200072509 /* MX-test-JasonChenTests.xctest */,
				4F4997511ED145C200072509 /* MX-test-JasonChenUITests.xctest */,
			);
			name = Products;
			sourceTree = "<group>";
		};
		4F49972C1ED145C200072509 /* MX-test-JasonChen */ = {
			isa = PBXGroup;
			children = (
				4F4997301ED145C200072509 /* AppDelegate.h */,
				4F4997311ED145C200072509 /* AppDelegate.m */,
				4F4997331ED145C200072509 /* ViewController.h */,
				4F4997341ED145C200072509 /* ViewController.m */,
				4F4997361ED145C200072509 /* Main.storyboard */,
				4F49973C1ED145C200072509 /* Assets.xcassets */,
				4F49973E1ED145C200072509 /* LaunchScreen.storyboard */,
				4F4997411ED145C200072509 /* Info.plist */,
				4F4997391ED145C200072509 /* MX_test_JasonChen.xcdatamodeld */,
				4F49972D1ED145C200072509 /* Supporting Files */,
			);
			path = "MX-test-JasonChen";
			sourceTree = "<group>";
		};
		4F49972D1ED145C200072509 /* Supporting Files */ = {
			isa = PBXGroup;
			children = (
				4F49972E1ED145C200072509 /* main.m */,
			);
			name = "Supporting Files";
			sourceTree = "<group>";
		};
		4F4997491ED145C200072509 /* MX-test-JasonChenTests */ = {
			isa = PBXGroup;
			children = (
				4F49974A1ED145C200072509 /* MX_test_JasonChenTests.m */,
				4F49974C1ED145C200072509 /* Info.plist */,
			);
			path = "MX-test-JasonChenTests";
			sourceTree = "<group>";
		};
		4F4997541ED145C200072509 /* MX-test-JasonChenUITests */ = {
			isa = PBXGroup;
			children = (
				4F4997551ED145C200072509 /* MX_test_JasonChenUITests.m */,
				4F4997571ED145C200072509 /* Info.plist */,
			);
			path = "MX-test-JasonChenUITests";
			sourceTree = "<group>";
		};
/* End PBXGroup section */

/* Begin PBXNativeTarget section */
		4F4997291ED145C200072509 /* MX-test-JasonChen */ = {
			isa = PBXNativeTarget;
			buildConfigurationList = 4F49975A1ED145C200072509 /* Build configuration list for PBXNativeTarget "MX-test-JasonChen" */;
			buildPhases = (
				4F4997261ED145C200072509 /* Sources */,
				4F4997271ED145C200072509 /* Frameworks */,
				4F4997281ED145C200072509 /* Resources */,
			);
			buildRules = (
			);
			dependencies = (
			);
			name = "MX-test-JasonChen";
			productName = "MX-test-JasonChen";
			productReference = 4F49972A1ED145C200072509 /* MX-test-JasonChen.app */;
			productType = "com.apple.product-type.application";
		};
		4F4997451ED145C200072509 /* MX-test-JasonChenTests */ = {
			isa = PBXNativeTarget;
			buildConfigurationList = 4F49975D1ED145C200072509 /* Build configuration list for PBXNativeTarget "MX-test-JasonChenTests" */;
			buildPhases = (
				4F4997421ED145C200072509 /* Sources */,
				4F4997431ED145C200072509 /* Frameworks */,
				4F4997441ED145C200072509 /* Resources */,
			);
			buildRules = (
			);
			dependencies = (
				4F4997481ED145C200072509 /* PBXTargetDependency */,
			);
			name = "MX-test-JasonChenTests";
			productName = "MX-test-JasonChenTests";
			productReference = 4F4997461ED145C200072509 /* MX-test-JasonChenTests.xctest */;
			productType = "com.apple.product-type.bundle.unit-test";
		};
		4F4997501ED145C200072509 /* MX-test-JasonChenUITests */ = {
			isa = PBXNativeTarget;
			buildConfigurationList = 4F4997601ED145C200072509 /* Build configuration list for PBXNativeTarget "MX-test-JasonChenUITests" */;
			buildPhases = (
				4F49974D1ED145C200072509 /* Sources */,
				4F49974E1ED145C200072509 /* Frameworks */,
				4F49974F1ED145C200072509 /* Resources */,
			);
			buildRules = (
			);
			dependencies = (
				4F4997531ED145C200072509 /* PBXTargetDependency */,
			);
			name = "MX-test-JasonChenUITests";
			productName = "MX-test-JasonChenUITests";
			productReference = 4F4997511ED145C200072509 /* MX-test-JasonChenUITests.xctest */;
			productType = "com.apple.product-type.bundle.ui-testing";
		};
/* End PBXNativeTarget section */

/* Begin PBXProject section */
		4F4997221ED145C200072509 /* Project object */ = {
			isa = PBXProject;
			attributes = {
				LastUpgradeCheck = 0820;
				ORGANIZATIONNAME = "Jason Chen";
				TargetAttributes = {
					4F4997291ED145C200072509 = {
						CreatedOnToolsVersion = 8.2.1;
						DevelopmentTeam = ZNG8N2Y2VU;
						ProvisioningStyle = Automatic;
					};
					4F4997451ED145C200072509 = {
						CreatedOnToolsVersion = 8.2.1;
						DevelopmentTeam = ZNG8N2Y2VU;
						ProvisioningStyle = Automatic;
						TestTargetID = 4F4997291ED145C200072509;
					};
					4F4997501ED145C200072509 = {
						CreatedOnToolsVersion = 8.2.1;
						DevelopmentTeam = ZNG8N2Y2VU;
						ProvisioningStyle = Automatic;
						TestTargetID = 4F4997291ED145C200072509;
					};
				};
			};
			buildConfigurationList = 4F4997251ED145C200072509 /* Build configuration list for PBXProject "MX-test-JasonChen" */;
			compatibilityVersion = "Xcode 3.2";
			developmentRegion = English;
			hasScannedForEncodings = 0;
			knownRegions = (
				en,
				Base,
			);
			mainGroup = 4F4997211ED145C200072509;
			productRefGroup = 4F49972B1ED145C200072509 /* Products */;
			projectDirPath = "";
			projectRoot = "";
			targets = (
				4F4997291ED145C200072509 /* MX-test-JasonChen */,
				4F4997451ED145C200072509 /* MX-test-JasonChenTests */,
				4F4997501ED145C200072509 /* MX-test-JasonChenUITests */,
			);
		};
/* End PBXProject section */

/* Begin PBXResourcesBuildPhase section */
		4F4997281ED145C200072509 /* Resources */ = {
			isa = PBXResourcesBuildPhase;
			buildActionMask = 2147483647;
			files = (
				4F4997401ED145C200072509 /* LaunchScreen.storyboard in Resources */,
				4F49973D1ED145C200072509 /* Assets.xcassets in Resources */,
				4F4997381ED145C200072509 /* Main.storyboard in Resources */,
			);
			runOnlyForDeploymentPostprocessing = 0;
		};
		4F4997441ED145C200072509 /* Resources */ = {
			isa = PBXResourcesBuildPhase;
			buildActionMask = 2147483647;
			files = (
			);
			runOnlyForDeploymentPostprocessing = 0;
		};
		4F49974F1ED145C200072509 /* Resources */ = {
			isa = PBXResourcesBuildPhase;
			buildActionMask = 2147483647;
			files = (
			);
			runOnlyForDeploymentPostprocessing = 0;
		};
/* End PBXResourcesBuildPhase section */

/* Begin PBXSourcesBuildPhase section */
		4F4997261ED145C200072509 /* Sources */ = {
			isa = PBXSourcesBuildPhase;
			buildActionMask = 2147483647;
			files = (
				4F4997351ED145C200072509 /* ViewController.m in Sources */,
				4F4997321ED145C200072509 /* AppDelegate.m in Sources */,
				4F49973B1ED145C200072509 /* MX_test_JasonChen.xcdatamodeld in Sources */,
				4F49972F1ED145C200072509 /* main.m in Sources */,
			);
			runOnlyForDeploymentPostprocessing = 0;
		};
		4F4997421ED145C200072509 /* Sources */ = {
			isa = PBXSourcesBuildPhase;
			buildActionMask = 2147483647;
			files = (
				4F49974B1ED145C200072509 /* MX_test_JasonChenTests.m in Sources */,
			);
			runOnlyForDeploymentPostprocessing = 0;
		};
		4F49974D1ED145C200072509 /* Sources */ = {
			isa = PBXSourcesBuildPhase;
			buildActionMask = 2147483647;
			files = (
				4F4997561ED145C200072509 /* MX_test_JasonChenUITests.m in Sources */,
			);
			runOnlyForDeploymentPostprocessing = 0;
		};
/* End PBXSourcesBuildPhase section */

/* Begin PBXTargetDependency section */
		4F4997481ED145C200072509 /* PBXTargetDependency */ = {
			isa = PBXTargetDependency;
			target = 4F4997291ED145C200072509 /* MX-test-JasonChen */;
			targetProxy = 4F4997471ED145C200072509 /* PBXContainerItemProxy */;
		};
		4F4997531ED145C200072509 /* PBXTargetDependency */ = {
			isa = PBXTargetDependency;
			target = 4F4997291ED145C200072509 /* MX-test-JasonChen */;
			targetProxy = 4F4997521ED145C200072509 /* PBXContainerItemProxy */;
		};
/* End PBXTargetDependency section */

/* Begin PBXVariantGroup section */
		4F4997361ED145C200072509 /* Main.storyboard */ = {
			isa = PBXVariantGroup;
			children = (
				4F4997371ED145C200072509 /* Base */,
			);
			name = Main.storyboard;
			sourceTree = "<group>";
		};
		4F49973E1ED145C200072509 /* LaunchScreen.storyboard */ = {
			isa = PBXVariantGroup;
			children = (
				4F49973F1ED145C200072509 /* Base */,
			);
			name = LaunchScreen.storyboard;
			sourceTree = "<group>";
		};
/* End PBXVariantGroup section */

/* Begin XCBuildConfiguration section */
		4F4997581ED145C200072509 /* Debug */ = {
			isa = XCBuildConfiguration;
			buildSettings = {
				ALWAYS_SEARCH_USER_PATHS = NO;
				CLANG_ANALYZER_NONNULL = YES;
				CLANG_CXX_LANGUAGE_STANDARD = "gnu++0x";
				CLANG_CXX_LIBRARY = "libc++";
				CLANG_ENABLE_MODULES = YES;
				CLANG_ENABLE_OBJC_ARC = YES;
				CLANG_WARN_BOOL_CONVERSION = YES;
				CLANG_WARN_CONSTANT_CONVERSION = YES;
				CLANG_WARN_DIRECT_OBJC_ISA_USAGE = YES_ERROR;
				CLANG_WARN_DOCUMENTATION_COMMENTS = YES;
				CLANG_WARN_EMPTY_BODY = YES;
				CLANG_WARN_ENUM_CONVERSION = YES;
				CLANG_WARN_INFINITE_RECURSION = YES;
				CLANG_WARN_INT_CONVERSION = YES;
				CLANG_WARN_OBJC_ROOT_CLASS = YES_ERROR;
				CLANG_WARN_SUSPICIOUS_MOVE = YES;
				CLANG_WARN_UNREACHABLE_CODE = YES;
				CLANG_WARN__DUPLICATE_METHOD_MATCH = YES;
				"CODE_SIGN_IDENTITY[sdk=iphoneos*]" = "iPhone Developer";
				COPY_PHASE_STRIP = NO;
				DEBUG_INFORMATION_FORMAT = dwarf;
				ENABLE_STRICT_OBJC_MSGSEND = YES;
				ENABLE_TESTABILITY = YES;
				GCC_C_LANGUAGE_STANDARD = gnu99;
				GCC_DYNAMIC_NO_PIC = NO;
				GCC_NO_COMMON_BLOCKS = YES;
				GCC_OPTIMIZATION_LEVEL = 0;
				GCC_PREPROCESSOR_DEFINITIONS = (
					"DEBUG=1",
					"$(inherited)",
				);
				GCC_WARN_64_TO_32_BIT_CONVERSION = YES;
				GCC_WARN_ABOUT_RETURN_TYPE = YES_ERROR;
				GCC_WARN_UNDECLARED_SELECTOR = YES;
				GCC_WARN_UNINITIALIZED_AUTOS = YES_AGGRESSIVE;
				GCC_WARN_UNUSED_FUNCTION = YES;
				GCC_WARN_UNUSED_VARIABLE = YES;
				IPHONEOS_DEPLOYMENT_TARGET = 10.2;
				MTL_ENABLE_DEBUG_INFO = YES;
				ONLY_ACTIVE_ARCH = YES;
				SDKROOT = iphoneos;
			};
			name = Debug;
		};
		4F4997591ED145C200072509 /* Release */ = {
			isa = XCBuildConfiguration;
			buildSettings = {
				ALWAYS_SEARCH_USER_PATHS = NO;
				CLANG_ANALYZER_NONNULL = YES;
				CLANG_CXX_LANGUAGE_STANDARD = "gnu++0x";
				CLANG_CXX_LIBRARY = "libc++";
				CLANG_ENABLE_MODULES = YES;
				CLANG_ENABLE_OBJC_ARC = YES;
				CLANG_WARN_BOOL_CONVERSION = YES;
				CLANG_WARN_CONSTANT_CONVERSION = YES;
				CLANG_WARN_DIRECT_OBJC_ISA_USAGE = YES_ERROR;
				CLANG_WARN_DOCUMENTATION_COMMENTS = YES;
				CLANG_WARN_EMPTY_BODY = YES;
				CLANG_WARN_ENUM_CONVERSION = YES;
				CLANG_WARN_INFINITE_RECURSION = YES;
				CLANG_WARN_INT_CONVERSION = YES;
				CLANG_WARN_OBJC_ROOT_CLASS = YES_ERROR;
				CLANG_WARN_SUSPICIOUS_MOVE = YES;
				CLANG_WARN_UNREACHABLE_CODE = YES;
				CLANG_WARN__DUPLICATE_METHOD_MATCH = YES;
				"CODE_SIGN_IDENTITY[sdk=iphoneos*]" = "iPhone Developer";
				COPY_PHASE_STRIP = NO;
				DEBUG_INFORMATION_FORMAT = "dwarf-with-dsym";
				ENABLE_NS_ASSERTIONS = NO;
				ENABLE_STRICT_OBJC_MSGSEND = YES;
				GCC_C_LANGUAGE_STANDARD = gnu99;
				GCC_NO_COMMON_BLOCKS = YES;
				GCC_WARN_64_TO_32_BIT_CONVERSION = YES;
				GCC_WARN_ABOUT_RETURN_TYPE = YES_ERROR;
				GCC_WARN_UNDECLARED_SELECTOR = YES;
				GCC_WARN_UNINITIALIZED_AUTOS = YES_AGGRESSIVE;
				GCC_WARN_UNUSED_FUNCTION = YES;
				GCC_WARN_UNUSED_VARIABLE = YES;
				IPHONEOS_DEPLOYMENT_TARGET = 10.2;
				MTL_ENABLE_DEBUG_INFO = NO;
				SDKROOT = iphoneos;
				VALIDATE_PRODUCT = YES;
			};
			name = Release;
		};
		4F49975B1ED145C200072509 /* Debug */ = {
			isa = XCBuildConfiguration;
			buildSettings = {
				ASSETCATALOG_COMPILER_APPICON_NAME = AppIcon;
				DEVELOPMENT_TEAM = ZNG8N2Y2VU;
				INFOPLIST_FILE = "MX-test-JasonChen/Info.plist";
				LD_RUNPATH_SEARCH_PATHS = "$(inherited) @executable_path/Frameworks";
				PRODUCT_BUNDLE_IDENTIFIER = "com.JasonChen.MX-test-JasonChen.MX-test-JasonChen";
				PRODUCT_NAME = "$(TARGET_NAME)";
			};
			name = Debug;
		};
		4F49975C1ED145C200072509 /* Release */ = {
			isa = XCBuildConfiguration;
			buildSettings = {
				ASSETCATALOG_COMPILER_APPICON_NAME = AppIcon;
				DEVELOPMENT_TEAM = ZNG8N2Y2VU;
				INFOPLIST_FILE = "MX-test-JasonChen/Info.plist";
				LD_RUNPATH_SEARCH_PATHS = "$(inherited) @executable_path/Frameworks";
				PRODUCT_BUNDLE_IDENTIFIER = "com.JasonChen.MX-test-JasonChen.MX-test-JasonChen";
				PRODUCT_NAME = "$(TARGET_NAME)";
			};
			name = Release;
		};
		4F49975E1ED145C200072509 /* Debug */ = {
			isa = XCBuildConfiguration;
			buildSettings = {
				BUNDLE_LOADER = "$(TEST_HOST)";
				DEVELOPMENT_TEAM = ZNG8N2Y2VU;
				INFOPLIST_FILE = "MX-test-JasonChenTests/Info.plist";
				LD_RUNPATH_SEARCH_PATHS = "$(inherited) @executable_path/Frameworks @loader_path/Frameworks";
				PRODUCT_BUNDLE_IDENTIFIER = "com.JasonChen.MX-test-JasonChen.MX-test-JasonChenTests";
				PRODUCT_NAME = "$(TARGET_NAME)";
				TEST_HOST = "$(BUILT_PRODUCTS_DIR)/MX-test-JasonChen.app/MX-test-JasonChen";
			};
			name = Debug;
		};
		4F49975F1ED145C200072509 /* Release */ = {
			isa = XCBuildConfiguration;
			buildSettings = {
				BUNDLE_LOADER = "$(TEST_HOST)";
				DEVELOPMENT_TEAM = ZNG8N2Y2VU;
				INFOPLIST_FILE = "MX-test-JasonChenTests/Info.plist";
				LD_RUNPATH_SEARCH_PATHS = "$(inherited) @executable_path/Frameworks @loader_path/Frameworks";
				PRODUCT_BUNDLE_IDENTIFIER = "com.JasonChen.MX-test-JasonChen.MX-test-JasonChenTests";
				PRODUCT_NAME = "$(TARGET_NAME)";
				TEST_HOST = "$(BUILT_PRODUCTS_DIR)/MX-test-JasonChen.app/MX-test-JasonChen";
			};
			name = Release;
		};
		4F4997611ED145C200072509 /* Debug */ = {
			isa = XCBuildConfiguration;
			buildSettings = {
				DEVELOPMENT_TEAM = ZNG8N2Y2VU;
				INFOPLIST_FILE = "MX-test-JasonChenUITests/Info.plist";
				LD_RUNPATH_SEARCH_PATHS = "$(inherited) @executable_path/Frameworks @loader_path/Frameworks";
				PRODUCT_BUNDLE_IDENTIFIER = "com.JasonChen.MX-test-JasonChen.MX-test-JasonChenUITests";
				PRODUCT_NAME = "$(TARGET_NAME)";
				TEST_TARGET_NAME = "MX-test-JasonChen";
			};
			name = Debug;
		};
		4F4997621ED145C200072509 /* Release */ = {
			isa = XCBuildConfiguration;
			buildSettings = {
				DEVELOPMENT_TEAM = ZNG8N2Y2VU;
				INFOPLIST_FILE = "MX-test-JasonChenUITests/Info.plist";
				LD_RUNPATH_SEARCH_PATHS = "$(inherited) @executable_path/Frameworks @loader_path/Frameworks";
				PRODUCT_BUNDLE_IDENTIFIER = "com.JasonChen.MX-test-JasonChen.MX-test-JasonChenUITests";
				PRODUCT_NAME = "$(TARGET_NAME)";
				TEST_TARGET_NAME = "MX-test-JasonChen";
			};
			name = Release;
		};
/* End XCBuildConfiguration section */

/* Begin XCConfigurationList section */
		4F4997251ED145C200072509 /* Build configuration list for PBXProject "MX-test-JasonChen" */ = {
			isa = XCConfigurationList;
			buildConfigurations = (
				4F4997581ED145C200072509 /* Debug */,
				4F4997591ED145C200072509 /* Release */,
			);
			defaultConfigurationIsVisible = 0;
			defaultConfigurationName = Release;
		};
		4F49975A1ED145C200072509 /* Build configuration list for PBXNativeTarget "MX-test-JasonChen" */ = {
			isa = XCConfigurationList;
			buildConfigurations = (
				4F49975B1ED145C200072509 /* Debug */,
				4F49975C1ED145C200072509 /* Release */,
			);
			defaultConfigurationIsVisible = 0;
		};
		4F49975D1ED145C200072509 /* Build configuration list for PBXNativeTarget "MX-test-JasonChenTests" */ = {
			isa = XCConfigurationList;
			buildConfigurations = (
				4F49975E1ED145C200072509 /* Debug */,
				4F49975F1ED145C200072509 /* Release */,
			);
			defaultConfigurationIsVisible = 0;
		};
		4F4997601ED145C200072509 /* Build configuration list for PBXNativeTarget "MX-test-JasonChenUITests" */ = {
			isa = XCConfigurationList;
			buildConfigurations = (
				4F4997611ED145C200072509 /* Debug */,
				4F4997621ED145C200072509 /* Release */,
			);
			defaultConfigurationIsVisible = 0;
		};
/* End XCConfigurationList section */

/* Begin XCVersionGroup section */
		4F4997391ED145C200072509 /* MX_test_JasonChen.xcdatamodeld */ = {
			isa = XCVersionGroup;
			children = (
				4F49973A1ED145C200072509 /* MX_test_JasonChen.xcdatamodel */,
			);
			currentVersion = 4F49973A1ED145C200072509 /* MX_test_JasonChen.xcdatamodel */;
			path = MX_test_JasonChen.xcdatamodeld;
			sourceTree = "<group>";
			versionGroupType = wrapper.xcdatamodel;
		};
/* End XCVersionGroup section */
	};
	rootObject = 4F4997221ED145C200072509 /* Project object */;
}
